# THIS IS AN AUTOGENERATED FILE. DO NOT EDIT THIS FILE DIRECTLY.
# yarn lockfile v1


"@types/prop-types@*":
  version "15.7.5"
  resolved "https://registry.yarnpkg.com/@types/prop-types/-/prop-types-15.7.5.tgz#5f19d2b85a98e9558036f6a3cacc8819420f05cf"
  integrity sha512-JCB8C6SnDoQf0cNycqd/35A7MjcnK+ZTqE7judS6o7utxUCg6imJg3QK2qzHKszlTjcj2cn+NwMB2i96ubpj7w==

"@types/react-native@^0.69.5":
  version "0.69.5"
  resolved "https://registry.yarnpkg.com/@types/react-native/-/react-native-0.69.5.tgz#7709fdbff031a5ecf1956705e6c4a07cdfe6867c"
  integrity sha512-mSUCuGUsW2kJlZiu4GmdYVDKZX/52iyC9rm6dxAmflJj1b7kSO/CMSDy5WbcfS8QerxTqbYGTrIwHD0GnXHzbQ==
  dependencies:
    "@types/react" "*"

"@types/react@*":
  version "18.0.17"
  resolved "https://registry.yarnpkg.com/@types/react/-/react-18.0.17.tgz#4583d9c322d67efe4b39a935d223edcc7050ccf4"
  integrity sha512-38ETy4tL+rn4uQQi7mB81G7V1g0u2ryquNmsVIOKUAEIDK+3CUjZ6rSRpdvS99dNBnkLFL83qfmtLacGOTIhwQ==
  dependencies:
    "@types/prop-types" "*"
    "@types/scheduler" "*"
    csstype "^3.0.2"

"@types/scheduler@*":
  version "0.16.2"
  resolved "https://registry.yarnpkg.com/@types/scheduler/-/scheduler-0.16.2.tgz#1a62f89525723dde24ba1b01b092bf5df8ad4d39"
  integrity sha512-hppQEBDmlwhFAXKJX2KnWLYu5yMfi91yazPb2l+lbJiwW+wdo1gNeRA+3RgNSO39WYX2euey41KEwnqesU2Jew==

csstype@^3.0.2:
  version "3.1.0"
  resolved "https://registry.yarnpkg.com/csstype/-/csstype-3.1.0.tgz#4ddcac3718d787cf9df0d1b7d15033925c8f29f2"
  integrity sha512-uX1KG+x9h5hIJsaKR9xHUeUraxf8IODOwq9JLNPq6BwB04a/xgpq3rcx47l5BZu5zBPlgD342tdke3Hom/nJRA==

react-native-uuid@^2.0.1:
  version "2.0.1"
  resolved "https://registry.yarnpkg.com/react-native-uuid/-/react-native-uuid-2.0.1.tgz#ed4e2dfb1683eddb66967eb5dca140dfe1abddb9"
  integrity sha512-cptnoIbL53GTCrWlb/+jrDC6tvb7ypIyzbXNJcpR3Vab0mkeaaVd5qnB3f0whXYzS+SMoSQLcUUB0gEWqkPC0g==
